
Microsoft Visual Studio Solution File, Format Version 12.00
# Visual Studio 15
VisualStudioVersion = 15.0.28307.572
MinimumVisualStudioVersion = 10.0.40219.1
Project("{FAE04EC0-301F-11D3-BF4B-00C04F79EFBC}") = "WpfPoc", "WpfPoc\WpfPoc.csproj", "{AE4BFD5A-6155-4D10-8EC1-17A366AA60FE}"
EndProject
Global
	GlobalSection(SolutionConfigurationPlatforms) = preSolution
		Debug|Any CPU = Debug|Any CPU
		Release|Any CPU = Release|Any CPU
	EndGlobalSection
	GlobalSection(ProjectConfigurationPlatforms) = postSolution
		{AE4BFD5A-6155-4D10-8EC1-17A366AA60FE}.Debug|Any CPU.ActiveCfg = Debug|Any CPU
		{AE4BFD5A-6155-4D10-8EC1-17A366AA60FE}.Debug|Any CPU.Build.0 = Debug|Any CPU
		{AE4BFD5A-6155-4D10-8EC1-17A366AA60FE}.Release|Any CPU.ActiveCfg = Release|Any CPU
		{AE4BFD5A-6155-4D10-8EC1-17A366AA60FE}.Release|Any CPU.Build.0 = Release|Any CPU
	EndGlobalSection
	GlobalSection(SolutionProperties) = preSolution
		HideSolutionNode = FALSE
	EndGlobalSection
	GlobalSection(ExtensibilityGlobals) = postSolution
		SolutionGuid = {032A8226-E90F-4F0A-B344-A52D9044BE41}
	EndGlobalSection
EndGlobal
